{
  "name": "wled-auidosync",
  "lockfileVersion": 3,
  "requires": true,
  "packages": {
    "": {
      "dependencies": {
        "child-process": "^1.0.2",
        "dgram": "^1.0.1",
        "dotenv": "^16.5.0",
        "fft-js": "^0.0.12",
        "fs": "^0.0.1-security",
        "os": "^0.1.2",
        "path": "^0.12.7",
        "readline": "^1.3.0",
        "stream": "^0.0.3"
      }
    },
    "node_modules/bit-twiddle": {
      "version": "1.0.2",
      "resolved": "https://registry.npmjs.org/bit-twiddle/-/bit-twiddle-1.0.2.tgz",
      "integrity": "sha512-B9UhK0DKFZhoTFcfvAzhqsjStvGJp9vYWf3+6SNTtdSQnvIgfkHbgHrg/e4+TH71N2GDu8tpmCVoyfrL1d7ntA==",
      "license": "MIT"
    },
    "node_modules/child-process": {
      "version": "1.0.2",
      "resolved": "https://registry.npmjs.org/child-process/-/child-process-1.0.2.tgz",
      "integrity": "sha512-e45+JmjvkV2XQsJ9rUJghiYJ7/9Uk8fyYi1UwfP071VmGKBu/oD1OIwuD0+jSwjMtQkV0a0FVpPTEW+XGlbSdw==",
      "license": "ISC"
    },
    "node_modules/commander": {
      "version": "2.7.1",
      "resolved": "https://registry.npmjs.org/commander/-/commander-2.7.1.tgz",
      "integrity": "sha512-5qK/Wsc2fnRCiizV1JlHavWrSGAXQI7AusK423F8zJLwIGq8lmtO5GmO8PVMrtDUJMwTXOFBzSN6OCRD8CEMWw==",
      "license": "MIT",
      "dependencies": {
        "graceful-readlink": ">= 1.0.0"
      },
      "engines": {
        "node": ">= 0.6.x"
      }
    },
    "node_modules/component-emitter": {
      "version": "2.0.0",
      "resolved": "https://registry.npmjs.org/component-emitter/-/component-emitter-2.0.0.tgz",
      "integrity": "sha512-4m5s3Me2xxlVKG9PkZpQqHQR7bgpnN7joDMJ4yvVkVXngjoITG76IaZmzmywSeRTeTpc6N6r3H3+KyUurV8OYw==",
      "license": "MIT",
      "engines": {
        "node": ">=18"
      },
      "funding": {
        "url": "https://github.com/sponsors/sindresorhus"
      }
    },
    "node_modules/dgram": {
      "version": "1.0.1",
      "resolved": "https://registry.npmjs.org/dgram/-/dgram-1.0.1.tgz",
      "integrity": "sha512-zJVFL1EWfKtE0z2VN6qfpn/a+qG1viEzcwJA0EjtzS76ONSE3sEyWBwEbo32hS4IFw/EWVuWN+8b89aPW6It2A==",
      "deprecated": "npm is holding this package for security reasons. As it's a core Node module, we will not transfer it over to other users. You may safely remove the package from your dependencies.",
      "license": "ISC"
    },
    "node_modules/dotenv": {
      "version": "16.5.0",
      "resolved": "https://registry.npmjs.org/dotenv/-/dotenv-16.5.0.tgz",
      "integrity": "sha512-m/C+AwOAr9/W1UOIZUo232ejMNnJAJtYQjUbHoNTBNTJSvqzzDh7vnrei3o3r3m9blf6ZoDkvcw0VmozNRFJxg==",
      "license": "BSD-2-Clause",
      "engines": {
        "node": ">=12"
      },
      "funding": {
        "url": "https://dotenvx.com"
      }
    },
    "node_modules/fft-js": {
      "version": "0.0.12",
      "resolved": "https://registry.npmjs.org/fft-js/-/fft-js-0.0.12.tgz",
      "integrity": "sha512-nLOa0/SYYnN2NPcLrI81UNSPxyg3q0sGiltfe9G1okg0nxs5CqAwtmaqPQdGcOryeGURaCoQx8Y4AUkhGTh7IQ==",
      "license": "MIT",
      "dependencies": {
        "bit-twiddle": "~1.0.2",
        "commander": "~2.7.1"
      },
      "engines": {
        "node": ">=0.12.0"
      }
    },
    "node_modules/fs": {
      "version": "0.0.1-security",
      "resolved": "https://registry.npmjs.org/fs/-/fs-0.0.1-security.tgz",
      "integrity": "sha512-3XY9e1pP0CVEUCdj5BmfIZxRBTSDycnbqhIOGec9QYtmVH2fbLpj86CFWkrNOkt/Fvty4KZG5lTglL9j/gJ87w==",
      "license": "ISC"
    },
    "node_modules/graceful-readlink": {
      "version": "1.0.1",
      "resolved": "https://registry.npmjs.org/graceful-readlink/-/graceful-readlink-1.0.1.tgz",
      "integrity": "sha512-8tLu60LgxF6XpdbK8OW3FA+IfTNBn1ZHGHKF4KQbEeSkajYw5PlYJcKluntgegDPTg8UkHjpet1T82vk6TQ68w==",
      "license": "MIT"
    },
    "node_modules/inherits": {
      "version": "2.0.3",
      "resolved": "https://registry.npmjs.org/inherits/-/inherits-2.0.3.tgz",
      "integrity": "sha512-x00IRNXNy63jwGkJmzPigoySHbaqpNuzKbBOmzK+g2OdZpQ9w+sxCN+VSB3ja7IAge2OP2qpfxTjeNcyjmW1uw==",
      "license": "ISC"
    },
    "node_modules/os": {
      "version": "0.1.2",
      "resolved": "https://registry.npmjs.org/os/-/os-0.1.2.tgz",
      "integrity": "sha512-ZoXJkvAnljwvc56MbvhtKVWmSkzV712k42Is2mA0+0KTSRakq5XXuXpjZjgAt9ctzl51ojhQWakQQpmOvXWfjQ==",
      "license": "MIT"
    },
    "node_modules/path": {
      "version": "0.12.7",
      "resolved": "https://registry.npmjs.org/path/-/path-0.12.7.tgz",
      "integrity": "sha512-aXXC6s+1w7otVF9UletFkFcDsJeO7lSZBPUQhtb5O0xJe8LtYhj/GxldoL09bBj9+ZmE2hNoHqQSFMN5fikh4Q==",
      "license": "MIT",
      "dependencies": {
        "process": "^0.11.1",
        "util": "^0.10.3"
      }
    },
    "node_modules/process": {
      "version": "0.11.10",
      "resolved": "https://registry.npmjs.org/process/-/process-0.11.10.tgz",
      "integrity": "sha512-cdGef/drWFoydD1JsMzuFf8100nZl+GT+yacc2bEced5f9Rjk4z+WtFUTBu9PhOi9j/jfmBPu0mMEY4wIdAF8A==",
      "license": "MIT",
      "engines": {
        "node": ">= 0.6.0"
      }
    },
    "node_modules/readline": {
      "version": "1.3.0",
      "resolved": "https://registry.npmjs.org/readline/-/readline-1.3.0.tgz",
      "integrity": "sha512-k2d6ACCkiNYz222Fs/iNze30rRJ1iIicW7JuX/7/cozvih6YCkFZH+J6mAFDVgv0dRBaAyr4jDqC95R2y4IADg==",
      "license": "BSD"
    },
    "node_modules/stream": {
      "version": "0.0.3",
      "resolved": "https://registry.npmjs.org/stream/-/stream-0.0.3.tgz",
      "integrity": "sha512-aMsbn7VKrl4A2T7QAQQbzgN7NVc70vgF5INQrBXqn4dCXN1zy3L9HGgLO5s7PExmdrzTJ8uR/27aviW8or8/+A==",
      "license": "MIT",
      "dependencies": {
        "component-emitter": "^2.0.0"
      }
    },
    "node_modules/util": {
      "version": "0.10.4",
      "resolved": "https://registry.npmjs.org/util/-/util-0.10.4.tgz",
      "integrity": "sha512-0Pm9hTQ3se5ll1XihRic3FDIku70C+iHUdT/W926rSgHV5QgXsYbKZN8MSC3tJtSkhuROzvsQjAaFENRXr+19A==",
      "license": "MIT",
      "dependencies": {
        "inherits": "2.0.3"
      }
    }
  }
}
